
Microsoft Visual Studio Solution File, Format Version 12.00
# Visual Studio Version 16
VisualStudioVersion = 16.0.31702.278
MinimumVisualStudioVersion = 10.0.40219.1
Project("{FAE04EC0-301F-11D3-BF4B-00C04F79EFBC}") = "QuestionServer", "QuestionServer.csproj", "{2B2DCF7F-115B-4850-93A3-BB7E75EAFEAD}"
EndProject
Global
	GlobalSection(SolutionConfigurationPlatforms) = preSolution
		Debug|Any CPU = Debug|Any CPU
		Release|Any CPU = Release|Any CPU
	EndGlobalSection
	GlobalSection(ProjectConfigurationPlatforms) = postSolution
		{2B2DCF7F-115B-4850-93A3-BB7E75EAFEAD}.Debug|Any CPU.ActiveCfg = Debug|Any CPU
		{2B2DCF7F-115B-4850-93A3-BB7E75EAFEAD}.Debug|Any CPU.Build.0 = Debug|Any CPU
		{2B2DCF7F-115B-4850-93A3-BB7E75EAFEAD}.Release|Any CPU.ActiveCfg = Release|Any CPU
		{2B2DCF7F-115B-4850-93A3-BB7E75EAFEAD}.Release|Any CPU.Build.0 = Release|Any CPU
	EndGlobalSection
	GlobalSection(SolutionProperties) = preSolution
		HideSolutionNode = FALSE
	EndGlobalSection
	GlobalSection(ExtensibilityGlobals) = postSolution
		SolutionGuid = {75CD2482-576C-4372-812B-620EA0374F6D}
	EndGlobalSection
EndGlobal
